
Microsoft Visual Studio Solution File, Format Version 12.00
Project("{FAE04EC0-301F-11D3-BF4B-00C04F79EFBC}") = "LinkedList", "LinkedList\LinkedList.csproj", "{C6279E28-DDE4-4F0A-B962-F5CF973390B4}"
EndProject
Project("{FAE04EC0-301F-11D3-BF4B-00C04F79EFBC}") = "Shared", "Shared\Shared.csproj", "{B4D28835-2DD9-4627-A251-4A38CC5890ED}"
EndProject
Project("{FAE04EC0-301F-11D3-BF4B-00C04F79EFBC}") = "Stack", "Stack\Stack.csproj", "{30DE1C3F-B132-4FFA-95A0-37E9AEA4B7FC}"
EndProject
Project("{FAE04EC0-301F-11D3-BF4B-00C04F79EFBC}") = "DoubleLinkedList", "DoubleLinkedList\DoubleLinkedList.csproj", "{EF779E10-C946-4A84-B7C7-3BBB1C182EAB}"
EndProject
Global
	GlobalSection(SolutionConfigurationPlatforms) = preSolution
		Debug|Any CPU = Debug|Any CPU
		Release|Any CPU = Release|Any CPU
	EndGlobalSection
	GlobalSection(ProjectConfigurationPlatforms) = postSolution
		{C6279E28-DDE4-4F0A-B962-F5CF973390B4}.Debug|Any CPU.ActiveCfg = Debug|Any CPU
		{C6279E28-DDE4-4F0A-B962-F5CF973390B4}.Debug|Any CPU.Build.0 = Debug|Any CPU
		{C6279E28-DDE4-4F0A-B962-F5CF973390B4}.Release|Any CPU.ActiveCfg = Release|Any CPU
		{C6279E28-DDE4-4F0A-B962-F5CF973390B4}.Release|Any CPU.Build.0 = Release|Any CPU
		{B4D28835-2DD9-4627-A251-4A38CC5890ED}.Debug|Any CPU.ActiveCfg = Debug|Any CPU
		{B4D28835-2DD9-4627-A251-4A38CC5890ED}.Debug|Any CPU.Build.0 = Debug|Any CPU
		{B4D28835-2DD9-4627-A251-4A38CC5890ED}.Release|Any CPU.ActiveCfg = Release|Any CPU
		{B4D28835-2DD9-4627-A251-4A38CC5890ED}.Release|Any CPU.Build.0 = Release|Any CPU
		{30DE1C3F-B132-4FFA-95A0-37E9AEA4B7FC}.Debug|Any CPU.ActiveCfg = Debug|Any CPU
		{30DE1C3F-B132-4FFA-95A0-37E9AEA4B7FC}.Debug|Any CPU.Build.0 = Debug|Any CPU
		{30DE1C3F-B132-4FFA-95A0-37E9AEA4B7FC}.Release|Any CPU.ActiveCfg = Release|Any CPU
		{30DE1C3F-B132-4FFA-95A0-37E9AEA4B7FC}.Release|Any CPU.Build.0 = Release|Any CPU
		{EF779E10-C946-4A84-B7C7-3BBB1C182EAB}.Debug|Any CPU.ActiveCfg = Debug|Any CPU
		{EF779E10-C946-4A84-B7C7-3BBB1C182EAB}.Debug|Any CPU.Build.0 = Debug|Any CPU
		{EF779E10-C946-4A84-B7C7-3BBB1C182EAB}.Release|Any CPU.ActiveCfg = Release|Any CPU
		{EF779E10-C946-4A84-B7C7-3BBB1C182EAB}.Release|Any CPU.Build.0 = Release|Any CPU
	EndGlobalSection
EndGlobal
